PODS:
  - Alamofire (4.8.1)
  - AlamofireObjectMapper (5.2.0):
    - Alamofire (~> 4.7)
    - ObjectMapper (~> 3.4)
  - ObjectMapper (3.4.2)
  - PKHUD (5.2.1)
  - Realm (3.13.1):
    - Realm/Headers (= 3.13.1)
  - Realm/Headers (3.13.1)
  - RealmSwift (3.13.1):
    - Realm (= 3.13.1)
  - RxAtomic (4.4.2)
  - RxSwift (4.4.2):
    - RxAtomic (>= 4.4.2, ~> 4.4)
  - SwiftLint (0.31.0)
  - SwiftyBeaver (1.6.2)
  - SwiftyJSON (4.2.0)

DEPENDENCIES:
  - Alamofire
  - AlamofireObjectMapper (~> 5.2)
  - PKHUD
  - RealmSwift
  - RxSwift
  - SwiftLint
  - SwiftyBeaver
  - SwiftyJSON

SPEC REPOS:
  https://github.com/cocoapods/specs.git:
    - Alamofire
    - AlamofireObjectMapper
    - ObjectMapper
    - PKHUD
    - Realm
    - RealmSwift
    - RxAtomic
    - RxSwift
    - SwiftLint
    - SwiftyBeaver
    - SwiftyJSON

SPEC CHECKSUMS:
  Alamofire: 16ce2c353fb72865124ddae8a57c5942388f4f11
  AlamofireObjectMapper: 92b6ce2423a9d159e686f6a1d514a009bf903ddc
  ObjectMapper: 0d4402610f4e468903ae64629eec4784531e5c51
  PKHUD: 4e6162c4c39ac367c6934e9855c6b4762ee16256
  Realm: 50071da38fe079e0735e47c9f2eae738c68c5996
  RealmSwift: 8a1e6a02b7a08cd17a31e3115143fb69fe5f3fb9
  RxAtomic: d00e97c10db88c6f08540e0bf2752fc5a2404167
  RxSwift: 74c29b693c8e42b0f64400e8b06564575742d649
  SwiftLint: 7a0227733d786395817373b2d0ca799fd0093ff3
  SwiftyBeaver: 8e67ab3cd94389cbbb7a9c7cc02748d98bfee68e
  SwiftyJSON: c4bcba26dd9ec7a027fc8eade48e2c911f229e96

PODFILE CHECKSUM: 5bc436228ddf596022401afade4d7c7b2ffc9487

COCOAPODS: 1.5.3
